// !$*UTF8*$!
{
	archiveVersion = 1;
	classes = {
	};
	objectVersion = 50;
	objects = {

/* Begin PBXBuildFile section */
		484E976224416E5100F6503C /* Converter.swift in Sources */ = {isa = PBXBuildFile; fileRef = 484E976124416E5100F6503C /* Converter.swift */; };
		48CACFF6243ED9B400830FB4 /* AppDelegate.swift in Sources */ = {isa = PBXBuildFile; fileRef = 48CACFF5243ED9B400830FB4 /* AppDelegate.swift */; };
		48CACFF8243ED9B400830FB4 /* ViewController.swift in Sources */ = {isa = PBXBuildFile; fileRef = 48CACFF7243ED9B400830FB4 /* ViewController.swift */; };
		48CACFFA243ED9B500830FB4 /* Assets.xcassets in Resources */ = {isa = PBXBuildFile; fileRef = 48CACFF9243ED9B500830FB4 /* Assets.xcassets */; };
		48CACFFD243ED9B500830FB4 /* Main.storyboard in Resources */ = {isa = PBXBuildFile; fileRef = 48CACFFB243ED9B500830FB4 /* Main.storyboard */; };
/* End PBXBuildFile section */

/* Begin PBXFileReference section */
		484E976124416E5100F6503C /* Converter.swift */ = {isa = PBXFileReference; fileEncoding = 4; lastKnownFileType = sourcecode.swift; path = Converter.swift; sourceTree = "<group>"; };
		48CACFF2243ED9B400830FB4 /* conv3rter.app */ = {isa = PBXFileReference; explicitFileType = wrapper.application; includeInIndex = 0; path = conv3rter.app; sourceTree = BUILT_PRODUCTS_DIR; };
		48CACFF5243ED9B400830FB4 /* AppDelegate.swift */ = {isa = PBXFileReference; lastKnownFileType = sourcecode.swift; path = AppDelegate.swift; sourceTree = "<group>"; };
		48CACFF7243ED9B400830FB4 /* ViewController.swift */ = {isa = PBXFileReference; lastKnownFileType = sourcecode.swift; path = ViewController.swift; sourceTree = "<group>"; };
		48CACFF9243ED9B500830FB4 /* Assets.xcassets */ = {isa = PBXFileReference; lastKnownFileType = folder.assetcatalog; path = Assets.xcassets; sourceTree = "<group>"; };
		48CACFFC243ED9B500830FB4 /* Base */ = {isa = PBXFileReference; lastKnownFileType = file.storyboard; name = Base; path = Base.lproj/Main.storyboard; sourceTree = "<group>"; };
		48CACFFE243ED9B500830FB4 /* Info.plist */ = {isa = PBXFileReference; lastKnownFileType = text.plist.xml; path = Info.plist; sourceTree = "<group>"; };
		48CACFFF243ED9B500830FB4 /* conv3rter.entitlements */ = {isa = PBXFileReference; lastKnownFileType = text.plist.entitlements; path = conv3rter.entitlements; sourceTree = "<group>"; };
/* End PBXFileReference section */

/* Begin PBXFrameworksBuildPhase section */
		48CACFEF243ED9B400830FB4 /* Frameworks */ = {
			isa = PBXFrameworksBuildPhase;
			buildActionMask = 2147483647;
			files = (
			);
			runOnlyForDeploymentPostprocessing = 0;
		};
/* End PBXFrameworksBuildPhase section */

/* Begin PBXGroup section */
		48CACFE9243ED9B400830FB4 = {
			isa = PBXGroup;
			children = (
				48CACFF4243ED9B400830FB4 /* conv3rter */,
				48CACFF3243ED9B400830FB4 /* Products */,
			);
			sourceTree = "<group>";
		};
		48CACFF3243ED9B400830FB4 /* Products */ = {
			isa = PBXGroup;
			children = (
				48CACFF2243ED9B400830FB4 /* conv3rter.app */,
			);
			name = Products;
			sourceTree = "<group>";
		};
		48CACFF4243ED9B400830FB4 /* conv3rter */ = {
			isa = PBXGroup;
			children = (
				48CACFF5243ED9B400830FB4 /* AppDelegate.swift */,
				48CACFF7243ED9B400830FB4 /* ViewController.swift */,
				484E976124416E5100F6503C /* Converter.swift */,
				48CACFF9243ED9B500830FB4 /* Assets.xcassets */,
				48CACFFB243ED9B500830FB4 /* Main.storyboard */,
				48CACFFE243ED9B500830FB4 /* Info.plist */,
				48CACFFF243ED9B500830FB4 /* conv3rter.entitlements */,
			);
			path = conv3rter;
			sourceTree = "<group>";
		};
/* End PBXGroup section */

/* Begin PBXNativeTarget section */
		48CACFF1243ED9B400830FB4 /* conv3rter */ = {
			isa = PBXNativeTarget;
			buildConfigurationList = 48CAD002243ED9B500830FB4 /* Build configuration list for PBXNativeTarget "conv3rter" */;
			buildPhases = (
				48CACFEE243ED9B400830FB4 /* Sources */,
				48CACFEF243ED9B400830FB4 /* Frameworks */,
				48CACFF0243ED9B400830FB4 /* Resources */,
			);
			buildRules = (
			);
			dependencies = (
			);
			name = conv3rter;
			productName = conv3rter;
			productReference = 48CACFF2243ED9B400830FB4 /* conv3rter.app */;
			productType = "com.apple.product-type.application";
		};
/* End PBXNativeTarget section */

/* Begin PBXProject section */
		48CACFEA243ED9B400830FB4 /* Project object */ = {
			isa = PBXProject;
			attributes = {
				LastSwiftUpdateCheck = 1140;
				LastUpgradeCheck = 1140;
				ORGANIZATIONNAME = "Deceptive Labs";
				TargetAttributes = {
					48CACFF1243ED9B400830FB4 = {
						CreatedOnToolsVersion = 11.4;
					};
				};
			};
			buildConfigurationList = 48CACFED243ED9B400830FB4 /* Build configuration list for PBXProject "conv3rter" */;
			compatibilityVersion = "Xcode 9.3";
			developmentRegion = en;
			hasScannedForEncodings = 0;
			knownRegions = (
				en,
				Base,
			);
			mainGroup = 48CACFE9243ED9B400830FB4;
			productRefGroup = 48CACFF3243ED9B400830FB4 /* Products */;
			projectDirPath = "";
			projectRoot = "";
			targets = (
				48CACFF1243ED9B400830FB4 /* conv3rter */,
			);
		};
/* End PBXProject section */

/* Begin PBXResourcesBuildPhase section */
		48CACFF0243ED9B400830FB4 /* Resources */ = {
			isa = PBXResourcesBuildPhase;
			buildActionMask = 2147483647;
			files = (
				48CACFFA243ED9B500830FB4 /* Assets.xcassets in Resources */,
				48CACFFD243ED9B500830FB4 /* Main.storyboard in Resources */,
			);
			runOnlyForDeploymentPostprocessing = 0;
		};
/* End PBXResourcesBuildPhase section */

/* Begin PBXSourcesBuildPhase section */
		48CACFEE243ED9B400830FB4 /* Sources */ = {
			isa = PBXSourcesBuildPhase;
			buildActionMask = 2147483647;
			files = (
				48CACFF8243ED9B400830FB4 /* ViewController.swift in Sources */,
				484E976224416E5100F6503C /* Converter.swift in Sources */,
				48CACFF6243ED9B400830FB4 /* AppDelegate.swift in Sources */,
			);
			runOnlyForDeploymentPostprocessing = 0;
		};
/* End PBXSourcesBuildPhase section */

/* Begin PBXVariantGroup section */
		48CACFFB243ED9B500830FB4 /* Main.storyboard */ = {
			isa = PBXVariantGroup;
			children = (
				48CACFFC243ED9B500830FB4 /* Base */,
			);
			name = Main.storyboard;
			sourceTree = "<group>";
		};
/* End PBXVariantGroup section */

/* Begin XCBuildConfiguration section */
		48CAD000243ED9B500830FB4 /* Debug */ = {
			isa = XCBuildConfiguration;
			buildSettings = {
				ALWAYS_SEARCH_USER_PATHS = NO;
				CLANG_ANALYZER_NONNULL = YES;
				CLANG_ANALYZER_NUMBER_OBJECT_CONVERSION = YES_AGGRESSIVE;
				CLANG_CXX_LANGUAGE_STANDARD = "gnu++14";
				CLANG_CXX_LIBRARY = "libc++";
				CLANG_ENABLE_MODULES = YES;
				CLANG_ENABLE_OBJC_ARC = YES;
				CLANG_ENABLE_OBJC_WEAK = YES;
				CLANG_WARN_BLOCK_CAPTURE_AUTORELEASING = YES;
				CLANG_WARN_BOOL_CONVERSION = YES;
				CLANG_WARN_COMMA = YES;
				CLANG_WARN_CONSTANT_CONVERSION = YES;
				CLANG_WARN_DEPRECATED_OBJC_IMPLEMENTATIONS = YES;
				CLANG_WARN_DIRECT_OBJC_ISA_USAGE = YES_ERROR;
				CLANG_WARN_DOCUMENTATION_COMMENTS = YES;
				CLANG_WARN_EMPTY_BODY = YES;
				CLANG_WARN_ENUM_CONVERSION = YES;
				CLANG_WARN_INFINITE_RECURSION = YES;
				CLANG_WARN_INT_CONVERSION = YES;
				CLANG_WARN_NON_LITERAL_NULL_CONVERSION = YES;
				CLANG_WARN_OBJC_IMPLICIT_RETAIN_SELF = YES;
				CLANG_WARN_OBJC_LITERAL_CONVERSION = YES;
				CLANG_WARN_OBJC_ROOT_CLASS = YES_ERROR;
				CLANG_WARN_RANGE_LOOP_ANALYSIS = YES;
				CLANG_WARN_STRICT_PROTOTYPES = YES;
				CLANG_WARN_SUSPICIOUS_MOVE = YES;
				CLANG_WARN_UNGUARDED_AVAILABILITY = YES_AGGRESSIVE;
				CLANG_WARN_UNREACHABLE_CODE = YES;
				CLANG_WARN__DUPLICATE_METHOD_MATCH = YES;
				COPY_PHASE_STRIP = NO;
				DEBUG_INFORMATION_FORMAT = dwarf;
				ENABLE_STRICT_OBJC_MSGSEND = YES;
				ENABLE_TESTABILITY = YES;
				GCC_C_LANGUAGE_STANDARD = gnu11;
				GCC_DYNAMIC_NO_PIC = NO;
				GCC_NO_COMMON_BLOCKS = YES;
				GCC_OPTIMIZATION_LEVEL = 0;
				GCC_PREPROCESSOR_DEFINITIONS = (
					"DEBUG=1",
					"$(inherited)",
				);
				GCC_WARN_64_TO_32_BIT_CONVERSION = YES;
				GCC_WARN_ABOUT_RETURN_TYPE = YES_ERROR;
				GCC_WARN_UNDECLARED_SELECTOR = YES;
				GCC_WARN_UNINITIALIZED_AUTOS = YES_AGGRESSIVE;
				GCC_WARN_UNUSED_FUNCTION = YES;
				GCC_WARN_UNUSED_VARIABLE = YES;
				MACOSX_DEPLOYMENT_TARGET = 10.11;
				MTL_ENABLE_DEBUG_INFO = INCLUDE_SOURCE;
				MTL_FAST_MATH = YES;
				ONLY_ACTIVE_ARCH = YES;
				SDKROOT = macosx;
				SWIFT_ACTIVE_COMPILATION_CONDITIONS = DEBUG;
				SWIFT_OPTIMIZATION_LEVEL = "-Onone";
			};
			name = Debug;
		};
		48CAD001243ED9B500830FB4 /* Release */ = {
			isa = XCBuildConfiguration;
			buildSettings = {
				ALWAYS_SEARCH_USER_PATHS = NO;
				CLANG_ANALYZER_NONNULL = YES;
				CLANG_ANALYZER_NUMBER_OBJECT_CONVERSION = YES_AGGRESSIVE;
				CLANG_CXX_LANGUAGE_STANDARD = "gnu++14";
				CLANG_CXX_LIBRARY = "libc++";
				CLANG_ENABLE_MODULES = YES;
				CLANG_ENABLE_OBJC_ARC = YES;
				CLANG_ENABLE_OBJC_WEAK = YES;
				CLANG_WARN_BLOCK_CAPTURE_AUTORELEASING = YES;
				CLANG_WARN_BOOL_CONVERSION = YES;
				CLANG_WARN_COMMA = YES;
				CLANG_WARN_CONSTANT_CONVERSION = YES;
				CLANG_WARN_DEPRECATED_OBJC_IMPLEMENTATIONS = YES;
				CLANG_WARN_DIRECT_OBJC_ISA_USAGE = YES_ERROR;
				CLANG_WARN_DOCUMENTATION_COMMENTS = YES;
				CLANG_WARN_EMPTY_BODY = YES;
				CLANG_WARN_ENUM_CONVERSION = YES;
				CLANG_WARN_INFINITE_RECURSION = YES;
				CLANG_WARN_INT_CONVERSION = YES;
				CLANG_WARN_NON_LITERAL_NULL_CONVERSION = YES;
				CLANG_WARN_OBJC_IMPLICIT_RETAIN_SELF = YES;
				CLANG_WARN_OBJC_LITERAL_CONVERSION = YES;
				CLANG_WARN_OBJC_ROOT_CLASS = YES_ERROR;
				CLANG_WARN_RANGE_LOOP_ANALYSIS = YES;
				CLANG_WARN_STRICT_PROTOTYPES = YES;
				CLANG_WARN_SUSPICIOUS_MOVE = YES;
				CLANG_WARN_UNGUARDED_AVAILABILITY = YES_AGGRESSIVE;
				CLANG_WARN_UNREACHABLE_CODE = YES;
				CLANG_WARN__DUPLICATE_METHOD_MATCH = YES;
				COPY_PHASE_STRIP = NO;
				DEBUG_INFORMATION_FORMAT = "dwarf-with-dsym";
				ENABLE_NS_ASSERTIONS = NO;
				ENABLE_STRICT_OBJC_MSGSEND = YES;
				GCC_C_LANGUAGE_STANDARD = gnu11;
				GCC_NO_COMMON_BLOCKS = YES;
				GCC_WARN_64_TO_32_BIT_CONVERSION = YES;
				GCC_WARN_ABOUT_RETURN_TYPE = YES_ERROR;
				GCC_WARN_UNDECLARED_SELECTOR = YES;
				GCC_WARN_UNINITIALIZED_AUTOS = YES_AGGRESSIVE;
				GCC_WARN_UNUSED_FUNCTION = YES;
				GCC_WARN_UNUSED_VARIABLE = YES;
				MACOSX_DEPLOYMENT_TARGET = 10.11;
				MTL_ENABLE_DEBUG_INFO = NO;
				MTL_FAST_MATH = YES;
				SDKROOT = macosx;
				SWIFT_COMPILATION_MODE = wholemodule;
				SWIFT_OPTIMIZATION_LEVEL = "-O";
			};
			name = Release;
		};
		48CAD003243ED9B500830FB4 /* Debug */ = {
			isa = XCBuildConfiguration;
			buildSettings = {
				ASSETCATALOG_COMPILER_APPICON_NAME = AppIcon;
				CODE_SIGN_ENTITLEMENTS = conv3rter/conv3rter.entitlements;
				CODE_SIGN_STYLE = Automatic;
				COMBINE_HIDPI_IMAGES = YES;
				CURRENT_PROJECT_VERSION = 3;
				DEVELOPMENT_TEAM = 8ZAQVXT82R;
				ENABLE_HARDENED_RUNTIME = YES;
				INFOPLIST_FILE = conv3rter/Info.plist;
				LD_RUNPATH_SEARCH_PATHS = (
					"$(inherited)",
					"@executable_path/../Frameworks",
				);
				MACOSX_DEPLOYMENT_TARGET = 10.11;
				MARKETING_VERSION = 0.2alpha;
				PRODUCT_BUNDLE_IDENTIFIER = me.deceptive.conv3rter;
				PRODUCT_NAME = "$(TARGET_NAME)";
				SWIFT_VERSION = 5.0;
			};
			name = Debug;
		};
		48CAD004243ED9B500830FB4 /* Release */ = {
			isa = XCBuildConfiguration;
			buildSettings = {
				ASSETCATALOG_COMPILER_APPICON_NAME = AppIcon;
				CODE_SIGN_ENTITLEMENTS = conv3rter/conv3rter.entitlements;
				CODE_SIGN_STYLE = Automatic;
				COMBINE_HIDPI_IMAGES = YES;
				CURRENT_PROJECT_VERSION = 3;
				DEVELOPMENT_TEAM = 8ZAQVXT82R;
				ENABLE_HARDENED_RUNTIME = YES;
				INFOPLIST_FILE = conv3rter/Info.plist;
				LD_RUNPATH_SEARCH_PATHS = (
					"$(inherited)",
					"@executable_path/../Frameworks",
				);
				MACOSX_DEPLOYMENT_TARGET = 10.11;
				MARKETING_VERSION = 0.2alpha;
				PRODUCT_BUNDLE_IDENTIFIER = me.deceptive.conv3rter;
				PRODUCT_NAME = "$(TARGET_NAME)";
				SWIFT_VERSION = 5.0;
			};
			name = Release;
		};
/* End XCBuildConfiguration section */

/* Begin XCConfigurationList section */
		48CACFED243ED9B400830FB4 /* Build configuration list for PBXProject "conv3rter" */ = {
			isa = XCConfigurationList;
			buildConfigurations = (
				48CAD000243ED9B500830FB4 /* Debug */,
				48CAD001243ED9B500830FB4 /* Release */,
			);
			defaultConfigurationIsVisible = 0;
			defaultConfigurationName = Release;
		};
		48CAD002243ED9B500830FB4 /* Build configuration list for PBXNativeTarget "conv3rter" */ = {
			isa = XCConfigurationList;
			buildConfigurations = (
				48CAD003243ED9B500830FB4 /* Debug */,
				48CAD004243ED9B500830FB4 /* Release */,
			);
			defaultConfigurationIsVisible = 0;
			defaultConfigurationName = Release;
		};
/* End XCConfigurationList section */
	};
	rootObject = 48CACFEA243ED9B400830FB4 /* Project object */;
}
